
Microsoft Visual Studio Solution File, Format Version 12.00
# Visual Studio Version 17
VisualStudioVersion = 17.14.36429.23
MinimumVisualStudioVersion = 10.0.40219.1
Project("{FAE04EC0-301F-11D3-BF4B-00C04F79EFBC}") = "WindowsForm", "WindowsForm\WindowsForm.csproj", "{787515AF-BD0A-4D94-A754-583BE73AA666}"
EndProject
Project("{FAE04EC0-301F-11D3-BF4B-00C04F79EFBC}") = "ConsoleApp", "Console\ConsoleApp.csproj", "{676B60E0-10E3-413C-B058-5F41B29C64CC}"
EndProject
Project("{FAE04EC0-301F-11D3-BF4B-00C04F79EFBC}") = "BuisnessLogic", "BuisnessLogic\BuisnessLogic.csproj", "{E0195BFA-01E3-4A38-978F-52E9CC327CF0}"
	ProjectSection(ProjectDependencies) = postProject
		{BC96A02E-F137-42B9-818A-706995EAC52D} = {BC96A02E-F137-42B9-818A-706995EAC52D}
	EndProjectSection
EndProject
Project("{FAE04EC0-301F-11D3-BF4B-00C04F79EFBC}") = "Model", "Model\Model.csproj", "{BC96A02E-F137-42B9-818A-706995EAC52D}"
EndProject
Global
	GlobalSection(SolutionConfigurationPlatforms) = preSolution
		Debug|Any CPU = Debug|Any CPU
		Release|Any CPU = Release|Any CPU
	EndGlobalSection
	GlobalSection(ProjectConfigurationPlatforms) = postSolution
		{787515AF-BD0A-4D94-A754-583BE73AA666}.Debug|Any CPU.ActiveCfg = Debug|Any CPU
		{787515AF-BD0A-4D94-A754-583BE73AA666}.Debug|Any CPU.Build.0 = Debug|Any CPU
		{787515AF-BD0A-4D94-A754-583BE73AA666}.Release|Any CPU.ActiveCfg = Release|Any CPU
		{787515AF-BD0A-4D94-A754-583BE73AA666}.Release|Any CPU.Build.0 = Release|Any CPU
		{676B60E0-10E3-413C-B058-5F41B29C64CC}.Debug|Any CPU.ActiveCfg = Debug|Any CPU
		{676B60E0-10E3-413C-B058-5F41B29C64CC}.Debug|Any CPU.Build.0 = Debug|Any CPU
		{676B60E0-10E3-413C-B058-5F41B29C64CC}.Release|Any CPU.ActiveCfg = Release|Any CPU
		{676B60E0-10E3-413C-B058-5F41B29C64CC}.Release|Any CPU.Build.0 = Release|Any CPU
		{E0195BFA-01E3-4A38-978F-52E9CC327CF0}.Debug|Any CPU.ActiveCfg = Debug|Any CPU
		{E0195BFA-01E3-4A38-978F-52E9CC327CF0}.Debug|Any CPU.Build.0 = Debug|Any CPU
		{E0195BFA-01E3-4A38-978F-52E9CC327CF0}.Release|Any CPU.ActiveCfg = Release|Any CPU
		{E0195BFA-01E3-4A38-978F-52E9CC327CF0}.Release|Any CPU.Build.0 = Release|Any CPU
		{BC96A02E-F137-42B9-818A-706995EAC52D}.Debug|Any CPU.ActiveCfg = Debug|Any CPU
		{BC96A02E-F137-42B9-818A-706995EAC52D}.Debug|Any CPU.Build.0 = Debug|Any CPU
		{BC96A02E-F137-42B9-818A-706995EAC52D}.Release|Any CPU.ActiveCfg = Release|Any CPU
		{BC96A02E-F137-42B9-818A-706995EAC52D}.Release|Any CPU.Build.0 = Release|Any CPU
	EndGlobalSection
	GlobalSection(SolutionProperties) = preSolution
		HideSolutionNode = FALSE
	EndGlobalSection
	GlobalSection(ExtensibilityGlobals) = postSolution
		SolutionGuid = {61B7A21F-294C-4BA8-A286-485468113E51}
	EndGlobalSection
EndGlobal
