
Microsoft Visual Studio Solution File, Format Version 12.00
# Visual Studio Version 17
VisualStudioVersion = 17.14.36429.23 d17.14
MinimumVisualStudioVersion = 10.0.40219.1
Project("{FAE04EC0-301F-11D3-BF4B-00C04F79EFBC}") = "3_SEMAK_labs", "3_SEMAK_labs\3_SEMAK_labs.csproj", "{78392633-E736-4048-BC6D-57A71E51C2C1}"
EndProject
Global
	GlobalSection(SolutionConfigurationPlatforms) = preSolution
		Debug|Any CPU = Debug|Any CPU
		Release|Any CPU = Release|Any CPU
	EndGlobalSection
	GlobalSection(ProjectConfigurationPlatforms) = postSolution
		{78392633-E736-4048-BC6D-57A71E51C2C1}.Debug|Any CPU.ActiveCfg = Debug|Any CPU
		{78392633-E736-4048-BC6D-57A71E51C2C1}.Debug|Any CPU.Build.0 = Debug|Any CPU
		{78392633-E736-4048-BC6D-57A71E51C2C1}.Release|Any CPU.ActiveCfg = Release|Any CPU
		{78392633-E736-4048-BC6D-57A71E51C2C1}.Release|Any CPU.Build.0 = Release|Any CPU
	EndGlobalSection
	GlobalSection(SolutionProperties) = preSolution
		HideSolutionNode = FALSE
	EndGlobalSection
	GlobalSection(ExtensibilityGlobals) = postSolution
		SolutionGuid = {61B7A21F-294C-4BA8-A286-485468113E51}
	EndGlobalSection
EndGlobal
